
Microsoft Visual Studio Solution File, Format Version 12.00
# Visual Studio Version 17
VisualStudioVersion = 17.1.32319.34
MinimumVisualStudioVersion = 10.0.40219.1
Project("{FAE04EC0-301F-11D3-BF4B-00C04F79EFBC}") = "ConsoleApp1", "ConsoleApp1\ConsoleApp1.csproj", "{7939DA5D-EEE9-49E4-B599-7E8653A44956}"
EndProject
Global
	GlobalSection(SolutionConfigurationPlatforms) = preSolution
		Debug|Any CPU = Debug|Any CPU
		Release|Any CPU = Release|Any CPU
	EndGlobalSection
	GlobalSection(ProjectConfigurationPlatforms) = postSolution
		{7939DA5D-EEE9-49E4-B599-7E8653A44956}.Debug|Any CPU.ActiveCfg = Debug|Any CPU
		{7939DA5D-EEE9-49E4-B599-7E8653A44956}.Debug|Any CPU.Build.0 = Debug|Any CPU
		{7939DA5D-EEE9-49E4-B599-7E8653A44956}.Release|Any CPU.ActiveCfg = Release|Any CPU
		{7939DA5D-EEE9-49E4-B599-7E8653A44956}.Release|Any CPU.Build.0 = Release|Any CPU
	EndGlobalSection
	GlobalSection(SolutionProperties) = preSolution
		HideSolutionNode = FALSE
	EndGlobalSection
	GlobalSection(ExtensibilityGlobals) = postSolution
		SolutionGuid = {6BD4B65D-79F1-4992-8902-C3950F677DF1}
	EndGlobalSection
EndGlobal
